// !$*UTF8*$!
{
	archiveVersion = 1;
	classes = {
	};
	objectVersion = 48;
	objects = {

/* Begin PBXBuildFile section */
		2F21FA51610CCF1B95074E69 /* Pods_WeatherGift.framework in Frameworks */ = {isa = PBXBuildFile; fileRef = 93ABE6862202CCB3C4E52383 /* Pods_WeatherGift.framework */; };
		B0A531371FAF99080072E14F /* Timeinterval+format.swift in Sources */ = {isa = PBXBuildFile; fileRef = B0A531361FAF99080072E14F /* Timeinterval+format.swift */; };
		B0A5313B1FAFAC070072E14F /* HourlyWeatherCell.swift in Sources */ = {isa = PBXBuildFile; fileRef = B0A5313A1FAFAC070072E14F /* HourlyWeatherCell.swift */; };
		B0A6A0811F92DA9C00017FD0 /* AppDelegate.swift in Sources */ = {isa = PBXBuildFile; fileRef = B0A6A0801F92DA9C00017FD0 /* AppDelegate.swift */; };
		B0A6A0861F92DA9C00017FD0 /* Main.storyboard in Resources */ = {isa = PBXBuildFile; fileRef = B0A6A0841F92DA9C00017FD0 /* Main.storyboard */; };
		B0A6A0881F92DA9C00017FD0 /* Assets.xcassets in Resources */ = {isa = PBXBuildFile; fileRef = B0A6A0871F92DA9C00017FD0 /* Assets.xcassets */; };
		B0A6A08B1F92DA9C00017FD0 /* LaunchScreen.storyboard in Resources */ = {isa = PBXBuildFile; fileRef = B0A6A0891F92DA9C00017FD0 /* LaunchScreen.storyboard */; };
		B0A6A0931F92DB0D00017FD0 /* DetailVC.swift in Sources */ = {isa = PBXBuildFile; fileRef = B0A6A0921F92DB0D00017FD0 /* DetailVC.swift */; };
		B0A6A0951F92DF3000017FD0 /* ListVC.swift in Sources */ = {isa = PBXBuildFile; fileRef = B0A6A0941F92DF3000017FD0 /* ListVC.swift */; };
		B0BBAA151FA7B0AC003EA0EF /* DayWeatherCell.swift in Sources */ = {isa = PBXBuildFile; fileRef = B0BBAA141FA7B0AC003EA0EF /* DayWeatherCell.swift */; };
		B0DFCF801FB0D19C005743F9 /* WeatherLocation.swift in Sources */ = {isa = PBXBuildFile; fileRef = B0DFCF7F1FB0D19C005743F9 /* WeatherLocation.swift */; };
		B0F7FADB1F92F9BE007D6596 /* PageVC.swift in Sources */ = {isa = PBXBuildFile; fileRef = B0F7FADA1F92F9BE007D6596 /* PageVC.swift */; };
		B0FFBEB41F9EB58A000B8538 /* WeatherDetail.swift in Sources */ = {isa = PBXBuildFile; fileRef = B0FFBEB31F9EB58A000B8538 /* WeatherDetail.swift */; };
		B0FFBEB61F9EFE2F000B8538 /* Constants.swift in Sources */ = {isa = PBXBuildFile; fileRef = B0FFBEB51F9EFE2F000B8538 /* Constants.swift */; };
/* End PBXBuildFile section */

/* Begin PBXFileReference section */
		1F2BBA1F19838462CDF5255B /* Pods-WeatherGift.release.xcconfig */ = {isa = PBXFileReference; includeInIndex = 1; lastKnownFileType = text.xcconfig; name = "Pods-WeatherGift.release.xcconfig"; path = "Pods/Target Support Files/Pods-WeatherGift/Pods-WeatherGift.release.xcconfig"; sourceTree = "<group>"; };
		33C176C2B4A662960F57E08C /* Pods-WeatherGift.debug.xcconfig */ = {isa = PBXFileReference; includeInIndex = 1; lastKnownFileType = text.xcconfig; name = "Pods-WeatherGift.debug.xcconfig"; path = "Pods/Target Support Files/Pods-WeatherGift/Pods-WeatherGift.debug.xcconfig"; sourceTree = "<group>"; };
		93ABE6862202CCB3C4E52383 /* Pods_WeatherGift.framework */ = {isa = PBXFileReference; explicitFileType = wrapper.framework; includeInIndex = 0; path = Pods_WeatherGift.framework; sourceTree = BUILT_PRODUCTS_DIR; };
		B0A531361FAF99080072E14F /* Timeinterval+format.swift */ = {isa = PBXFileReference; lastKnownFileType = sourcecode.swift; path = "Timeinterval+format.swift"; sourceTree = "<group>"; };
		B0A5313A1FAFAC070072E14F /* HourlyWeatherCell.swift */ = {isa = PBXFileReference; lastKnownFileType = sourcecode.swift; name = HourlyWeatherCell.swift; path = /Users/willdailey14/Dropbox/Swift/WeatherGift/WeatherGift/HourlyWeatherCell.swift; sourceTree = "<absolute>"; };
		B0A6A07D1F92DA9C00017FD0 /* WeatherGift.app */ = {isa = PBXFileReference; explicitFileType = wrapper.application; includeInIndex = 0; path = WeatherGift.app; sourceTree = BUILT_PRODUCTS_DIR; };
		B0A6A0801F92DA9C00017FD0 /* AppDelegate.swift */ = {isa = PBXFileReference; lastKnownFileType = sourcecode.swift; path = AppDelegate.swift; sourceTree = "<group>"; };
		B0A6A0851F92DA9C00017FD0 /* Base */ = {isa = PBXFileReference; lastKnownFileType = file.storyboard; name = Base; path = Base.lproj/Main.storyboard; sourceTree = "<group>"; };
		B0A6A0871F92DA9C00017FD0 /* Assets.xcassets */ = {isa = PBXFileReference; lastKnownFileType = folder.assetcatalog; path = Assets.xcassets; sourceTree = "<group>"; };
		B0A6A08A1F92DA9C00017FD0 /* Base */ = {isa = PBXFileReference; lastKnownFileType = file.storyboard; name = Base; path = Base.lproj/LaunchScreen.storyboard; sourceTree = "<group>"; };
		B0A6A08C1F92DA9C00017FD0 /* Info.plist */ = {isa = PBXFileReference; lastKnownFileType = text.plist.xml; path = Info.plist; sourceTree = "<group>"; };
		B0A6A0921F92DB0D00017FD0 /* DetailVC.swift */ = {isa = PBXFileReference; lastKnownFileType = sourcecode.swift; path = DetailVC.swift; sourceTree = "<group>"; };
		B0A6A0941F92DF3000017FD0 /* ListVC.swift */ = {isa = PBXFileReference; lastKnownFileType = sourcecode.swift; path = ListVC.swift; sourceTree = "<group>"; };
		B0BBAA141FA7B0AC003EA0EF /* DayWeatherCell.swift */ = {isa = PBXFileReference; lastKnownFileType = sourcecode.swift; path = DayWeatherCell.swift; sourceTree = "<group>"; };
		B0DFCF7F1FB0D19C005743F9 /* WeatherLocation.swift */ = {isa = PBXFileReference; lastKnownFileType = sourcecode.swift; path = WeatherLocation.swift; sourceTree = "<group>"; };
		B0F7FADA1F92F9BE007D6596 /* PageVC.swift */ = {isa = PBXFileReference; lastKnownFileType = sourcecode.swift; path = PageVC.swift; sourceTree = "<group>"; };
		B0FFBEB31F9EB58A000B8538 /* WeatherDetail.swift */ = {isa = PBXFileReference; lastKnownFileType = sourcecode.swift; path = WeatherDetail.swift; sourceTree = "<group>"; };
		B0FFBEB51F9EFE2F000B8538 /* Constants.swift */ = {isa = PBXFileReference; lastKnownFileType = sourcecode.swift; path = Constants.swift; sourceTree = "<group>"; };
/* End PBXFileReference section */

/* Begin PBXFrameworksBuildPhase section */
		B0A6A07A1F92DA9C00017FD0 /* Frameworks */ = {
			isa = PBXFrameworksBuildPhase;
			buildActionMask = 2147483647;
			files = (
				2F21FA51610CCF1B95074E69 /* Pods_WeatherGift.framework in Frameworks */,
			);
			runOnlyForDeploymentPostprocessing = 0;
		};
/* End PBXFrameworksBuildPhase section */

/* Begin PBXGroup section */
		B0A6A0741F92DA9C00017FD0 = {
			isa = PBXGroup;
			children = (
				B0A6A07F1F92DA9C00017FD0 /* WeatherGift */,
				B0A6A07E1F92DA9C00017FD0 /* Products */,
				D894080C0D501F53B165E17F /* Pods */,
				C073C06E615BFC7459000AFF /* Frameworks */,
			);
			sourceTree = "<group>";
		};
		B0A6A07E1F92DA9C00017FD0 /* Products */ = {
			isa = PBXGroup;
			children = (
				B0A6A07D1F92DA9C00017FD0 /* WeatherGift.app */,
			);
			name = Products;
			sourceTree = "<group>";
		};
		B0A6A07F1F92DA9C00017FD0 /* WeatherGift */ = {
			isa = PBXGroup;
			children = (
				B0A6A0801F92DA9C00017FD0 /* AppDelegate.swift */,
				B0DFCF7F1FB0D19C005743F9 /* WeatherLocation.swift */,
				B0FFBEB31F9EB58A000B8538 /* WeatherDetail.swift */,
				B0F7FADA1F92F9BE007D6596 /* PageVC.swift */,
				B0A6A0941F92DF3000017FD0 /* ListVC.swift */,
				B0A6A0921F92DB0D00017FD0 /* DetailVC.swift */,
				B0A531361FAF99080072E14F /* Timeinterval+format.swift */,
				B0BBAA141FA7B0AC003EA0EF /* DayWeatherCell.swift */,
				B0A5313A1FAFAC070072E14F /* HourlyWeatherCell.swift */,
				B0FFBEB51F9EFE2F000B8538 /* Constants.swift */,
				B0A6A0841F92DA9C00017FD0 /* Main.storyboard */,
				B0A6A0871F92DA9C00017FD0 /* Assets.xcassets */,
				B0A6A0891F92DA9C00017FD0 /* LaunchScreen.storyboard */,
				B0A6A08C1F92DA9C00017FD0 /* Info.plist */,
			);
			path = WeatherGift;
			sourceTree = "<group>";
		};
		C073C06E615BFC7459000AFF /* Frameworks */ = {
			isa = PBXGroup;
			children = (
				93ABE6862202CCB3C4E52383 /* Pods_WeatherGift.framework */,
			);
			name = Frameworks;
			sourceTree = "<group>";
		};
		D894080C0D501F53B165E17F /* Pods */ = {
			isa = PBXGroup;
			children = (
				33C176C2B4A662960F57E08C /* Pods-WeatherGift.debug.xcconfig */,
				1F2BBA1F19838462CDF5255B /* Pods-WeatherGift.release.xcconfig */,
			);
			name = Pods;
			sourceTree = "<group>";
		};
/* End PBXGroup section */

/* Begin PBXNativeTarget section */
		B0A6A07C1F92DA9C00017FD0 /* WeatherGift */ = {
			isa = PBXNativeTarget;
			buildConfigurationList = B0A6A08F1F92DA9C00017FD0 /* Build configuration list for PBXNativeTarget "WeatherGift" */;
			buildPhases = (
				5A40C1E346BC97541A05675E /* [CP] Check Pods Manifest.lock */,
				B0A6A0791F92DA9C00017FD0 /* Sources */,
				B0A6A07A1F92DA9C00017FD0 /* Frameworks */,
				B0A6A07B1F92DA9C00017FD0 /* Resources */,
				CF7D1309F3E1ACB3EAC00E5C /* [CP] Embed Pods Frameworks */,
				996E7299C21D26D0F832F7F9 /* [CP] Copy Pods Resources */,
			);
			buildRules = (
			);
			dependencies = (
			);
			name = WeatherGift;
			productName = "Weather Gift";
			productReference = B0A6A07D1F92DA9C00017FD0 /* WeatherGift.app */;
			productType = "com.apple.product-type.application";
		};
/* End PBXNativeTarget section */

/* Begin PBXProject section */
		B0A6A0751F92DA9C00017FD0 /* Project object */ = {
			isa = PBXProject;
			attributes = {
				LastSwiftUpdateCheck = 0900;
				LastUpgradeCheck = 0900;
				ORGANIZATIONNAME = "Will Dailey";
				TargetAttributes = {
					B0A6A07C1F92DA9C00017FD0 = {
						CreatedOnToolsVersion = 9.0;
						ProvisioningStyle = Automatic;
					};
				};
			};
			buildConfigurationList = B0A6A0781F92DA9C00017FD0 /* Build configuration list for PBXProject "WeatherGift" */;
			compatibilityVersion = "Xcode 8.0";
			developmentRegion = en;
			hasScannedForEncodings = 0;
			knownRegions = (
				en,
				Base,
			);
			mainGroup = B0A6A0741F92DA9C00017FD0;
			productRefGroup = B0A6A07E1F92DA9C00017FD0 /* Products */;
			projectDirPath = "";
			projectRoot = "";
			targets = (
				B0A6A07C1F92DA9C00017FD0 /* WeatherGift */,
			);
		};
/* End PBXProject section */

/* Begin PBXResourcesBuildPhase section */
		B0A6A07B1F92DA9C00017FD0 /* Resources */ = {
			isa = PBXResourcesBuildPhase;
			buildActionMask = 2147483647;
			files = (
				B0A6A08B1F92DA9C00017FD0 /* LaunchScreen.storyboard in Resources */,
				B0A6A0881F92DA9C00017FD0 /* Assets.xcassets in Resources */,
				B0A6A0861F92DA9C00017FD0 /* Main.storyboard in Resources */,
			);
			runOnlyForDeploymentPostprocessing = 0;
		};
/* End PBXResourcesBuildPhase section */

/* Begin PBXShellScriptBuildPhase section */
		5A40C1E346BC97541A05675E /* [CP] Check Pods Manifest.lock */ = {
			isa = PBXShellScriptBuildPhase;
			buildActionMask = 2147483647;
			files = (
			);
			inputPaths = (
				"${PODS_PODFILE_DIR_PATH}/Podfile.lock",
				"${PODS_ROOT}/Manifest.lock",
			);
			name = "[CP] Check Pods Manifest.lock";
			outputPaths = (
				"$(DERIVED_FILE_DIR)/Pods-WeatherGift-checkManifestLockResult.txt",
			);
			runOnlyForDeploymentPostprocessing = 0;
			shellPath = /bin/sh;
			shellScript = "diff \"${PODS_PODFILE_DIR_PATH}/Podfile.lock\" \"${PODS_ROOT}/Manifest.lock\" > /dev/null\nif [ $? != 0 ] ; then\n    # print error to STDERR\n    echo \"error: The sandbox is not in sync with the Podfile.lock. Run 'pod install' or update your CocoaPods installation.\" >&2\n    exit 1\nfi\n# This output is used by Xcode 'outputs' to avoid re-running this script phase.\necho \"SUCCESS\" > \"${SCRIPT_OUTPUT_FILE_0}\"\n";
			showEnvVarsInLog = 0;
		};
		996E7299C21D26D0F832F7F9 /* [CP] Copy Pods Resources */ = {
			isa = PBXShellScriptBuildPhase;
			buildActionMask = 2147483647;
			files = (
			);
			inputPaths = (
				"${SRCROOT}/Pods/Target Support Files/Pods-WeatherGift/Pods-WeatherGift-resources.sh",
				"${PODS_ROOT}/GooglePlaces/Frameworks/GooglePlaces.framework/Resources/GooglePlaces.bundle",
			);
			name = "[CP] Copy Pods Resources";
			outputPaths = (
				"${TARGET_BUILD_DIR}/${UNLOCALIZED_RESOURCES_FOLDER_PATH}",
			);
			runOnlyForDeploymentPostprocessing = 0;
			shellPath = /bin/sh;
			shellScript = "\"${SRCROOT}/Pods/Target Support Files/Pods-WeatherGift/Pods-WeatherGift-resources.sh\"\n";
			showEnvVarsInLog = 0;
		};
		CF7D1309F3E1ACB3EAC00E5C /* [CP] Embed Pods Frameworks */ = {
			isa = PBXShellScriptBuildPhase;
			buildActionMask = 2147483647;
			files = (
			);
			inputPaths = (
				"${SRCROOT}/Pods/Target Support Files/Pods-WeatherGift/Pods-WeatherGift-frameworks.sh",
				"${BUILT_PRODUCTS_DIR}/Alamofire/Alamofire.framework",
				"${BUILT_PRODUCTS_DIR}/SwiftyJSON/SwiftyJSON.framework",
			);
			name = "[CP] Embed Pods Frameworks";
			outputPaths = (
				"${TARGET_BUILD_DIR}/${FRAMEWORKS_FOLDER_PATH}/Alamofire.framework",
				"${TARGET_BUILD_DIR}/${FRAMEWORKS_FOLDER_PATH}/SwiftyJSON.framework",
			);
			runOnlyForDeploymentPostprocessing = 0;
			shellPath = /bin/sh;
			shellScript = "\"${SRCROOT}/Pods/Target Support Files/Pods-WeatherGift/Pods-WeatherGift-frameworks.sh\"\n";
			showEnvVarsInLog = 0;
		};
/* End PBXShellScriptBuildPhase section */

/* Begin PBXSourcesBuildPhase section */
		B0A6A0791F92DA9C00017FD0 /* Sources */ = {
			isa = PBXSourcesBuildPhase;
			buildActionMask = 2147483647;
			files = (
				B0BBAA151FA7B0AC003EA0EF /* DayWeatherCell.swift in Sources */,
				B0A5313B1FAFAC070072E14F /* HourlyWeatherCell.swift in Sources */,
				B0FFBEB41F9EB58A000B8538 /* WeatherDetail.swift in Sources */,
				B0A6A0951F92DF3000017FD0 /* ListVC.swift in Sources */,
				B0F7FADB1F92F9BE007D6596 /* PageVC.swift in Sources */,
				B0DFCF801FB0D19C005743F9 /* WeatherLocation.swift in Sources */,
				B0A531371FAF99080072E14F /* Timeinterval+format.swift in Sources */,
				B0A6A0811F92DA9C00017FD0 /* AppDelegate.swift in Sources */,
				B0A6A0931F92DB0D00017FD0 /* DetailVC.swift in Sources */,
				B0FFBEB61F9EFE2F000B8538 /* Constants.swift in Sources */,
			);
			runOnlyForDeploymentPostprocessing = 0;
		};
/* End PBXSourcesBuildPhase section */

/* Begin PBXVariantGroup section */
		B0A6A0841F92DA9C00017FD0 /* Main.storyboard */ = {
			isa = PBXVariantGroup;
			children = (
				B0A6A0851F92DA9C00017FD0 /* Base */,
			);
			name = Main.storyboard;
			sourceTree = "<group>";
		};
		B0A6A0891F92DA9C00017FD0 /* LaunchScreen.storyboard */ = {
			isa = PBXVariantGroup;
			children = (
				B0A6A08A1F92DA9C00017FD0 /* Base */,
			);
			name = LaunchScreen.storyboard;
			sourceTree = "<group>";
		};
/* End PBXVariantGroup section */

/* Begin XCBuildConfiguration section */
		B0A6A08D1F92DA9C00017FD0 /* Debug */ = {
			isa = XCBuildConfiguration;
			buildSettings = {
				ALWAYS_SEARCH_USER_PATHS = NO;
				CLANG_ANALYZER_NONNULL = YES;
				CLANG_ANALYZER_NUMBER_OBJECT_CONVERSION = YES_AGGRESSIVE;
				CLANG_CXX_LANGUAGE_STANDARD = "gnu++14";
				CLANG_CXX_LIBRARY = "libc++";
				CLANG_ENABLE_MODULES = YES;
				CLANG_ENABLE_OBJC_ARC = YES;
				CLANG_WARN_BLOCK_CAPTURE_AUTORELEASING = YES;
				CLANG_WARN_BOOL_CONVERSION = YES;
				CLANG_WARN_COMMA = YES;
				CLANG_WARN_CONSTANT_CONVERSION = YES;
				CLANG_WARN_DIRECT_OBJC_ISA_USAGE = YES_ERROR;
				CLANG_WARN_DOCUMENTATION_COMMENTS = YES;
				CLANG_WARN_EMPTY_BODY = YES;
				CLANG_WARN_ENUM_CONVERSION = YES;
				CLANG_WARN_INFINITE_RECURSION = YES;
				CLANG_WARN_INT_CONVERSION = YES;
				CLANG_WARN_NON_LITERAL_NULL_CONVERSION = YES;
				CLANG_WARN_OBJC_LITERAL_CONVERSION = YES;
				CLANG_WARN_OBJC_ROOT_CLASS = YES_ERROR;
				CLANG_WARN_RANGE_LOOP_ANALYSIS = YES;
				CLANG_WARN_STRICT_PROTOTYPES = YES;
				CLANG_WARN_SUSPICIOUS_MOVE = YES;
				CLANG_WARN_UNGUARDED_AVAILABILITY = YES_AGGRESSIVE;
				CLANG_WARN_UNREACHABLE_CODE = YES;
				CLANG_WARN__DUPLICATE_METHOD_MATCH = YES;
				CODE_SIGN_IDENTITY = "iPhone Developer";
				COPY_PHASE_STRIP = NO;
				DEBUG_INFORMATION_FORMAT = dwarf;
				ENABLE_STRICT_OBJC_MSGSEND = YES;
				ENABLE_TESTABILITY = YES;
				GCC_C_LANGUAGE_STANDARD = gnu11;
				GCC_DYNAMIC_NO_PIC = NO;
				GCC_NO_COMMON_BLOCKS = YES;
				GCC_OPTIMIZATION_LEVEL = 0;
				GCC_PREPROCESSOR_DEFINITIONS = (
					"DEBUG=1",
					"$(inherited)",
				);
				GCC_WARN_64_TO_32_BIT_CONVERSION = YES;
				GCC_WARN_ABOUT_RETURN_TYPE = YES_ERROR;
				GCC_WARN_UNDECLARED_SELECTOR = YES;
				GCC_WARN_UNINITIALIZED_AUTOS = YES_AGGRESSIVE;
				GCC_WARN_UNUSED_FUNCTION = YES;
				GCC_WARN_UNUSED_VARIABLE = YES;
				IPHONEOS_DEPLOYMENT_TARGET = 11.0;
				MTL_ENABLE_DEBUG_INFO = YES;
				ONLY_ACTIVE_ARCH = YES;
				SDKROOT = iphoneos;
				SWIFT_ACTIVE_COMPILATION_CONDITIONS = DEBUG;
				SWIFT_OPTIMIZATION_LEVEL = "-Onone";
			};
			name = Debug;
		};
		B0A6A08E1F92DA9C00017FD0 /* Release */ = {
			isa = XCBuildConfiguration;
			buildSettings = {
				ALWAYS_SEARCH_USER_PATHS = NO;
				CLANG_ANALYZER_NONNULL = YES;
				CLANG_ANALYZER_NUMBER_OBJECT_CONVERSION = YES_AGGRESSIVE;
				CLANG_CXX_LANGUAGE_STANDARD = "gnu++14";
				CLANG_CXX_LIBRARY = "libc++";
				CLANG_ENABLE_MODULES = YES;
				CLANG_ENABLE_OBJC_ARC = YES;
				CLANG_WARN_BLOCK_CAPTURE_AUTORELEASING = YES;
				CLANG_WARN_BOOL_CONVERSION = YES;
				CLANG_WARN_COMMA = YES;
				CLANG_WARN_CONSTANT_CONVERSION = YES;
				CLANG_WARN_DIRECT_OBJC_ISA_USAGE = YES_ERROR;
				CLANG_WARN_DOCUMENTATION_COMMENTS = YES;
				CLANG_WARN_EMPTY_BODY = YES;
				CLANG_WARN_ENUM_CONVERSION = YES;
				CLANG_WARN_INFINITE_RECURSION = YES;
				CLANG_WARN_INT_CONVERSION = YES;
				CLANG_WARN_NON_LITERAL_NULL_CONVERSION = YES;
				CLANG_WARN_OBJC_LITERAL_CONVERSION = YES;
				CLANG_WARN_OBJC_ROOT_CLASS = YES_ERROR;
				CLANG_WARN_RANGE_LOOP_ANALYSIS = YES;
				CLANG_WARN_STRICT_PROTOTYPES = YES;
				CLANG_WARN_SUSPICIOUS_MOVE = YES;
				CLANG_WARN_UNGUARDED_AVAILABILITY = YES_AGGRESSIVE;
				CLANG_WARN_UNREACHABLE_CODE = YES;
				CLANG_WARN__DUPLICATE_METHOD_MATCH = YES;
				CODE_SIGN_IDENTITY = "iPhone Developer";
				COPY_PHASE_STRIP = NO;
				DEBUG_INFORMATION_FORMAT = "dwarf-with-dsym";
				ENABLE_NS_ASSERTIONS = NO;
				ENABLE_STRICT_OBJC_MSGSEND = YES;
				GCC_C_LANGUAGE_STANDARD = gnu11;
				GCC_NO_COMMON_BLOCKS = YES;
				GCC_WARN_64_TO_32_BIT_CONVERSION = YES;
				GCC_WARN_ABOUT_RETURN_TYPE = YES_ERROR;
				GCC_WARN_UNDECLARED_SELECTOR = YES;
				GCC_WARN_UNINITIALIZED_AUTOS = YES_AGGRESSIVE;
				GCC_WARN_UNUSED_FUNCTION = YES;
				GCC_WARN_UNUSED_VARIABLE = YES;
				IPHONEOS_DEPLOYMENT_TARGET = 11.0;
				MTL_ENABLE_DEBUG_INFO = NO;
				SDKROOT = iphoneos;
				SWIFT_OPTIMIZATION_LEVEL = "-Owholemodule";
				VALIDATE_PRODUCT = YES;
			};
			name = Release;
		};
		B0A6A0901F92DA9C00017FD0 /* Debug */ = {
			isa = XCBuildConfiguration;
			baseConfigurationReference = 33C176C2B4A662960F57E08C /* Pods-WeatherGift.debug.xcconfig */;
			buildSettings = {
				ASSETCATALOG_COMPILER_APPICON_NAME = AppIcon;
				CODE_SIGN_STYLE = Automatic;
				DEVELOPMENT_TEAM = EM8B39U699;
				INFOPLIST_FILE = WeatherGift/Info.plist;
				IPHONEOS_DEPLOYMENT_TARGET = 11.0;
				LD_RUNPATH_SEARCH_PATHS = "$(inherited) @executable_path/Frameworks";
				PRODUCT_BUNDLE_IDENTIFIER = com.willdailey.WeatherGift;
				PRODUCT_NAME = "$(TARGET_NAME)";
				SWIFT_VERSION = 4.0;
				TARGETED_DEVICE_FAMILY = "1,2";
			};
			name = Debug;
		};
		B0A6A0911F92DA9C00017FD0 /* Release */ = {
			isa = XCBuildConfiguration;
			baseConfigurationReference = 1F2BBA1F19838462CDF5255B /* Pods-WeatherGift.release.xcconfig */;
			buildSettings = {
				ASSETCATALOG_COMPILER_APPICON_NAME = AppIcon;
				CODE_SIGN_STYLE = Automatic;
				DEVELOPMENT_TEAM = EM8B39U699;
				INFOPLIST_FILE = WeatherGift/Info.plist;
				IPHONEOS_DEPLOYMENT_TARGET = 11.0;
				LD_RUNPATH_SEARCH_PATHS = "$(inherited) @executable_path/Frameworks";
				PRODUCT_BUNDLE_IDENTIFIER = com.willdailey.WeatherGift;
				PRODUCT_NAME = "$(TARGET_NAME)";
				SWIFT_VERSION = 4.0;
				TARGETED_DEVICE_FAMILY = "1,2";
			};
			name = Release;
		};
/* End XCBuildConfiguration section */

/* Begin XCConfigurationList section */
		B0A6A0781F92DA9C00017FD0 /* Build configuration list for PBXProject "WeatherGift" */ = {
			isa = XCConfigurationList;
			buildConfigurations = (
				B0A6A08D1F92DA9C00017FD0 /* Debug */,
				B0A6A08E1F92DA9C00017FD0 /* Release */,
			);
			defaultConfigurationIsVisible = 0;
			defaultConfigurationName = Release;
		};
		B0A6A08F1F92DA9C00017FD0 /* Build configuration list for PBXNativeTarget "WeatherGift" */ = {
			isa = XCConfigurationList;
			buildConfigurations = (
				B0A6A0901F92DA9C00017FD0 /* Debug */,
				B0A6A0911F92DA9C00017FD0 /* Release */,
			);
			defaultConfigurationIsVisible = 0;
			defaultConfigurationName = Release;
		};
/* End XCConfigurationList section */
	};
	rootObject = B0A6A0751F92DA9C00017FD0 /* Project object */;
}
