// !$*UTF8*$!
{
	archiveVersion = 1;
	classes = {
	};
	objectVersion = 48;
	objects = {

/* Begin PBXBuildFile section */
		B0A6A0811F92DA9C00017FD0 /* AppDelegate.swift in Sources */ = {isa = PBXBuildFile; fileRef = B0A6A0801F92DA9C00017FD0 /* AppDelegate.swift */; };
		B0A6A0831F92DA9C00017FD0 /* ViewController.swift in Sources */ = {isa = PBXBuildFile; fileRef = B0A6A0821F92DA9C00017FD0 /* ViewController.swift */; };
		B0A6A0861F92DA9C00017FD0 /* Main.storyboard in Resources */ = {isa = PBXBuildFile; fileRef = B0A6A0841F92DA9C00017FD0 /* Main.storyboard */; };
		B0A6A0881F92DA9C00017FD0 /* Assets.xcassets in Resources */ = {isa = PBXBuildFile; fileRef = B0A6A0871F92DA9C00017FD0 /* Assets.xcassets */; };
		B0A6A08B1F92DA9C00017FD0 /* LaunchScreen.storyboard in Resources */ = {isa = PBXBuildFile; fileRef = B0A6A0891F92DA9C00017FD0 /* LaunchScreen.storyboard */; };
/* End PBXBuildFile section */

/* Begin PBXFileReference section */
		B0A6A07D1F92DA9C00017FD0 /* Weather Gift.app */ = {isa = PBXFileReference; explicitFileType = wrapper.application; includeInIndex = 0; path = "Weather Gift.app"; sourceTree = BUILT_PRODUCTS_DIR; };
		B0A6A0801F92DA9C00017FD0 /* AppDelegate.swift */ = {isa = PBXFileReference; lastKnownFileType = sourcecode.swift; path = AppDelegate.swift; sourceTree = "<group>"; };
		B0A6A0821F92DA9C00017FD0 /* ViewController.swift */ = {isa = PBXFileReference; lastKnownFileType = sourcecode.swift; path = ViewController.swift; sourceTree = "<group>"; };
		B0A6A0851F92DA9C00017FD0 /* Base */ = {isa = PBXFileReference; lastKnownFileType = file.storyboard; name = Base; path = Base.lproj/Main.storyboard; sourceTree = "<group>"; };
		B0A6A0871F92DA9C00017FD0 /* Assets.xcassets */ = {isa = PBXFileReference; lastKnownFileType = folder.assetcatalog; path = Assets.xcassets; sourceTree = "<group>"; };
		B0A6A08A1F92DA9C00017FD0 /* Base */ = {isa = PBXFileReference; lastKnownFileType = file.storyboard; name = Base; path = Base.lproj/LaunchScreen.storyboard; sourceTree = "<group>"; };
		B0A6A08C1F92DA9C00017FD0 /* Info.plist */ = {isa = PBXFileReference; lastKnownFileType = text.plist.xml; path = Info.plist; sourceTree = "<group>"; };
/* End PBXFileReference section */

/* Begin PBXFrameworksBuildPhase section */
		B0A6A07A1F92DA9C00017FD0 /* Frameworks */ = {
			isa = PBXFrameworksBuildPhase;
			buildActionMask = 2147483647;
			files = (
			);
			runOnlyForDeploymentPostprocessing = 0;
		};
/* End PBXFrameworksBuildPhase section */

/* Begin PBXGroup section */
		B0A6A0741F92DA9C00017FD0 = {
			isa = PBXGroup;
			children = (
				B0A6A07F1F92DA9C00017FD0 /* Weather Gift */,
				B0A6A07E1F92DA9C00017FD0 /* Products */,
			);
			sourceTree = "<group>";
		};
		B0A6A07E1F92DA9C00017FD0 /* Products */ = {
			isa = PBXGroup;
			children = (
				B0A6A07D1F92DA9C00017FD0 /* Weather Gift.app */,
			);
			name = Products;
			sourceTree = "<group>";
		};
		B0A6A07F1F92DA9C00017FD0 /* Weather Gift */ = {
			isa = PBXGroup;
			children = (
				B0A6A0801F92DA9C00017FD0 /* AppDelegate.swift */,
				B0A6A0821F92DA9C00017FD0 /* ViewController.swift */,
				B0A6A0841F92DA9C00017FD0 /* Main.storyboard */,
				B0A6A0871F92DA9C00017FD0 /* Assets.xcassets */,
				B0A6A0891F92DA9C00017FD0 /* LaunchScreen.storyboard */,
				B0A6A08C1F92DA9C00017FD0 /* Info.plist */,
			);
			path = "Weather Gift";
			sourceTree = "<group>";
		};
/* End PBXGroup section */

/* Begin PBXNativeTarget section */
		B0A6A07C1F92DA9C00017FD0 /* Weather Gift */ = {
			isa = PBXNativeTarget;
			buildConfigurationList = B0A6A08F1F92DA9C00017FD0 /* Build configuration list for PBXNativeTarget "Weather Gift" */;
			buildPhases = (
				B0A6A0791F92DA9C00017FD0 /* Sources */,
				B0A6A07A1F92DA9C00017FD0 /* Frameworks */,
				B0A6A07B1F92DA9C00017FD0 /* Resources */,
			);
			buildRules = (
			);
			dependencies = (
			);
			name = "Weather Gift";
			productName = "Weather Gift";
			productReference = B0A6A07D1F92DA9C00017FD0 /* Weather Gift.app */;
			productType = "com.apple.product-type.application";
		};
/* End PBXNativeTarget section */

/* Begin PBXProject section */
		B0A6A0751F92DA9C00017FD0 /* Project object */ = {
			isa = PBXProject;
			attributes = {
				LastSwiftUpdateCheck = 0900;
				LastUpgradeCheck = 0900;
				ORGANIZATIONNAME = "Will Dailey";
				TargetAttributes = {
					B0A6A07C1F92DA9C00017FD0 = {
						CreatedOnToolsVersion = 9.0;
						ProvisioningStyle = Automatic;
					};
				};
			};
			buildConfigurationList = B0A6A0781F92DA9C00017FD0 /* Build configuration list for PBXProject "Weather Gift" */;
			compatibilityVersion = "Xcode 8.0";
			developmentRegion = en;
			hasScannedForEncodings = 0;
			knownRegions = (
				en,
				Base,
			);
			mainGroup = B0A6A0741F92DA9C00017FD0;
			productRefGroup = B0A6A07E1F92DA9C00017FD0 /* Products */;
			projectDirPath = "";
			projectRoot = "";
			targets = (
				B0A6A07C1F92DA9C00017FD0 /* Weather Gift */,
			);
		};
/* End PBXProject section */

/* Begin PBXResourcesBuildPhase section */
		B0A6A07B1F92DA9C00017FD0 /* Resources */ = {
			isa = PBXResourcesBuildPhase;
			buildActionMask = 2147483647;
			files = (
				B0A6A08B1F92DA9C00017FD0 /* LaunchScreen.storyboard in Resources */,
				B0A6A0881F92DA9C00017FD0 /* Assets.xcassets in Resources */,
				B0A6A0861F92DA9C00017FD0 /* Main.storyboard in Resources */,
			);
			runOnlyForDeploymentPostprocessing = 0;
		};
/* End PBXResourcesBuildPhase section */

/* Begin PBXSourcesBuildPhase section */
		B0A6A0791F92DA9C00017FD0 /* Sources */ = {
			isa = PBXSourcesBuildPhase;
			buildActionMask = 2147483647;
			files = (
				B0A6A0831F92DA9C00017FD0 /* ViewController.swift in Sources */,
				B0A6A0811F92DA9C00017FD0 /* AppDelegate.swift in Sources */,
			);
			runOnlyForDeploymentPostprocessing = 0;
		};
/* End PBXSourcesBuildPhase section */

/* Begin PBXVariantGroup section */
		B0A6A0841F92DA9C00017FD0 /* Main.storyboard */ = {
			isa = PBXVariantGroup;
			children = (
				B0A6A0851F92DA9C00017FD0 /* Base */,
			);
			name = Main.storyboard;
			sourceTree = "<group>";
		};
		B0A6A0891F92DA9C00017FD0 /* LaunchScreen.storyboard */ = {
			isa = PBXVariantGroup;
			children = (
				B0A6A08A1F92DA9C00017FD0 /* Base */,
			);
			name = LaunchScreen.storyboard;
			sourceTree = "<group>";
		};
/* End PBXVariantGroup section */

/* Begin XCBuildConfiguration section */
		B0A6A08D1F92DA9C00017FD0 /* Debug */ = {
			isa = XCBuildConfiguration;
			buildSettings = {
				ALWAYS_SEARCH_USER_PATHS = NO;
				CLANG_ANALYZER_NONNULL = YES;
				CLANG_ANALYZER_NUMBER_OBJECT_CONVERSION = YES_AGGRESSIVE;
				CLANG_CXX_LANGUAGE_STANDARD = "gnu++14";
				CLANG_CXX_LIBRARY = "libc++";
				CLANG_ENABLE_MODULES = YES;
				CLANG_ENABLE_OBJC_ARC = YES;
				CLANG_WARN_BLOCK_CAPTURE_AUTORELEASING = YES;
				CLANG_WARN_BOOL_CONVERSION = YES;
				CLANG_WARN_COMMA = YES;
				CLANG_WARN_CONSTANT_CONVERSION = YES;
				CLANG_WARN_DIRECT_OBJC_ISA_USAGE = YES_ERROR;
				CLANG_WARN_DOCUMENTATION_COMMENTS = YES;
				CLANG_WARN_EMPTY_BODY = YES;
				CLANG_WARN_ENUM_CONVERSION = YES;
				CLANG_WARN_INFINITE_RECURSION = YES;
				CLANG_WARN_INT_CONVERSION = YES;
				CLANG_WARN_NON_LITERAL_NULL_CONVERSION = YES;
				CLANG_WARN_OBJC_LITERAL_CONVERSION = YES;
				CLANG_WARN_OBJC_ROOT_CLASS = YES_ERROR;
				CLANG_WARN_RANGE_LOOP_ANALYSIS = YES;
				CLANG_WARN_STRICT_PROTOTYPES = YES;
				CLANG_WARN_SUSPICIOUS_MOVE = YES;
				CLANG_WARN_UNGUARDED_AVAILABILITY = YES_AGGRESSIVE;
				CLANG_WARN_UNREACHABLE_CODE = YES;
				CLANG_WARN__DUPLICATE_METHOD_MATCH = YES;
				CODE_SIGN_IDENTITY = "iPhone Developer";
				COPY_PHASE_STRIP = NO;
				DEBUG_INFORMATION_FORMAT = dwarf;
				ENABLE_STRICT_OBJC_MSGSEND = YES;
				ENABLE_TESTABILITY = YES;
				GCC_C_LANGUAGE_STANDARD = gnu11;
				GCC_DYNAMIC_NO_PIC = NO;
				GCC_NO_COMMON_BLOCKS = YES;
				GCC_OPTIMIZATION_LEVEL = 0;
				GCC_PREPROCESSOR_DEFINITIONS = (
					"DEBUG=1",
					"$(inherited)",
				);
				GCC_WARN_64_TO_32_BIT_CONVERSION = YES;
				GCC_WARN_ABOUT_RETURN_TYPE = YES_ERROR;
				GCC_WARN_UNDECLARED_SELECTOR = YES;
				GCC_WARN_UNINITIALIZED_AUTOS = YES_AGGRESSIVE;
				GCC_WARN_UNUSED_FUNCTION = YES;
				GCC_WARN_UNUSED_VARIABLE = YES;
				IPHONEOS_DEPLOYMENT_TARGET = 11.0;
				MTL_ENABLE_DEBUG_INFO = YES;
				ONLY_ACTIVE_ARCH = YES;
				SDKROOT = iphoneos;
				SWIFT_ACTIVE_COMPILATION_CONDITIONS = DEBUG;
				SWIFT_OPTIMIZATION_LEVEL = "-Onone";
			};
			name = Debug;
		};
		B0A6A08E1F92DA9C00017FD0 /* Release */ = {
			isa = XCBuildConfiguration;
			buildSettings = {
				ALWAYS_SEARCH_USER_PATHS = NO;
				CLANG_ANALYZER_NONNULL = YES;
				CLANG_ANALYZER_NUMBER_OBJECT_CONVERSION = YES_AGGRESSIVE;
				CLANG_CXX_LANGUAGE_STANDARD = "gnu++14";
				CLANG_CXX_LIBRARY = "libc++";
				CLANG_ENABLE_MODULES = YES;
				CLANG_ENABLE_OBJC_ARC = YES;
				CLANG_WARN_BLOCK_CAPTURE_AUTORELEASING = YES;
				CLANG_WARN_BOOL_CONVERSION = YES;
				CLANG_WARN_COMMA = YES;
				CLANG_WARN_CONSTANT_CONVERSION = YES;
				CLANG_WARN_DIRECT_OBJC_ISA_USAGE = YES_ERROR;
				CLANG_WARN_DOCUMENTATION_COMMENTS = YES;
				CLANG_WARN_EMPTY_BODY = YES;
				CLANG_WARN_ENUM_CONVERSION = YES;
				CLANG_WARN_INFINITE_RECURSION = YES;
				CLANG_WARN_INT_CONVERSION = YES;
				CLANG_WARN_NON_LITERAL_NULL_CONVERSION = YES;
				CLANG_WARN_OBJC_LITERAL_CONVERSION = YES;
				CLANG_WARN_OBJC_ROOT_CLASS = YES_ERROR;
				CLANG_WARN_RANGE_LOOP_ANALYSIS = YES;
				CLANG_WARN_STRICT_PROTOTYPES = YES;
				CLANG_WARN_SUSPICIOUS_MOVE = YES;
				CLANG_WARN_UNGUARDED_AVAILABILITY = YES_AGGRESSIVE;
				CLANG_WARN_UNREACHABLE_CODE = YES;
				CLANG_WARN__DUPLICATE_METHOD_MATCH = YES;
				CODE_SIGN_IDENTITY = "iPhone Developer";
				COPY_PHASE_STRIP = NO;
				DEBUG_INFORMATION_FORMAT = "dwarf-with-dsym";
				ENABLE_NS_ASSERTIONS = NO;
				ENABLE_STRICT_OBJC_MSGSEND = YES;
				GCC_C_LANGUAGE_STANDARD = gnu11;
				GCC_NO_COMMON_BLOCKS = YES;
				GCC_WARN_64_TO_32_BIT_CONVERSION = YES;
				GCC_WARN_ABOUT_RETURN_TYPE = YES_ERROR;
				GCC_WARN_UNDECLARED_SELECTOR = YES;
				GCC_WARN_UNINITIALIZED_AUTOS = YES_AGGRESSIVE;
				GCC_WARN_UNUSED_FUNCTION = YES;
				GCC_WARN_UNUSED_VARIABLE = YES;
				IPHONEOS_DEPLOYMENT_TARGET = 11.0;
				MTL_ENABLE_DEBUG_INFO = NO;
				SDKROOT = iphoneos;
				SWIFT_OPTIMIZATION_LEVEL = "-Owholemodule";
				VALIDATE_PRODUCT = YES;
			};
			name = Release;
		};
		B0A6A0901F92DA9C00017FD0 /* Debug */ = {
			isa = XCBuildConfiguration;
			buildSettings = {
				ASSETCATALOG_COMPILER_APPICON_NAME = AppIcon;
				CODE_SIGN_STYLE = Automatic;
				DEVELOPMENT_TEAM = EM8B39U699;
				INFOPLIST_FILE = "Weather Gift/Info.plist";
				LD_RUNPATH_SEARCH_PATHS = "$(inherited) @executable_path/Frameworks";
				PRODUCT_BUNDLE_IDENTIFIER = "com.willdailey.Weather-Gift";
				PRODUCT_NAME = "$(TARGET_NAME)";
				SWIFT_VERSION = 4.0;
				TARGETED_DEVICE_FAMILY = "1,2";
			};
			name = Debug;
		};
		B0A6A0911F92DA9C00017FD0 /* Release */ = {
			isa = XCBuildConfiguration;
			buildSettings = {
				ASSETCATALOG_COMPILER_APPICON_NAME = AppIcon;
				CODE_SIGN_STYLE = Automatic;
				DEVELOPMENT_TEAM = EM8B39U699;
				INFOPLIST_FILE = "Weather Gift/Info.plist";
				LD_RUNPATH_SEARCH_PATHS = "$(inherited) @executable_path/Frameworks";
				PRODUCT_BUNDLE_IDENTIFIER = "com.willdailey.Weather-Gift";
				PRODUCT_NAME = "$(TARGET_NAME)";
				SWIFT_VERSION = 4.0;
				TARGETED_DEVICE_FAMILY = "1,2";
			};
			name = Release;
		};
/* End XCBuildConfiguration section */

/* Begin XCConfigurationList section */
		B0A6A0781F92DA9C00017FD0 /* Build configuration list for PBXProject "Weather Gift" */ = {
			isa = XCConfigurationList;
			buildConfigurations = (
				B0A6A08D1F92DA9C00017FD0 /* Debug */,
				B0A6A08E1F92DA9C00017FD0 /* Release */,
			);
			defaultConfigurationIsVisible = 0;
			defaultConfigurationName = Release;
		};
		B0A6A08F1F92DA9C00017FD0 /* Build configuration list for PBXNativeTarget "Weather Gift" */ = {
			isa = XCConfigurationList;
			buildConfigurations = (
				B0A6A0901F92DA9C00017FD0 /* Debug */,
				B0A6A0911F92DA9C00017FD0 /* Release */,
			);
			defaultConfigurationIsVisible = 0;
			defaultConfigurationName = Release;
		};
/* End XCConfigurationList section */
	};
	rootObject = B0A6A0751F92DA9C00017FD0 /* Project object */;
}
